
Microsoft Visual Studio Solution File, Format Version 12.00
# Visual Studio Version 17
VisualStudioVersion = 17.14.36915.13 d17.14
MinimumVisualStudioVersion = 10.0.40219.1
Project("{FAE04EC0-301F-11D3-BF4B-00C04F79EFBC}") = "MultipleConditions", "MultipleConditions\MultipleConditions.csproj", "{EA6DD639-4741-4FCB-AFB1-15B3CD2A0DDA}"
EndProject
Global
	GlobalSection(SolutionConfigurationPlatforms) = preSolution
		Debug|Any CPU = Debug|Any CPU
		Release|Any CPU = Release|Any CPU
	EndGlobalSection
	GlobalSection(ProjectConfigurationPlatforms) = postSolution
		{EA6DD639-4741-4FCB-AFB1-15B3CD2A0DDA}.Debug|Any CPU.ActiveCfg = Debug|Any CPU
		{EA6DD639-4741-4FCB-AFB1-15B3CD2A0DDA}.Debug|Any CPU.Build.0 = Debug|Any CPU
		{EA6DD639-4741-4FCB-AFB1-15B3CD2A0DDA}.Release|Any CPU.ActiveCfg = Release|Any CPU
		{EA6DD639-4741-4FCB-AFB1-15B3CD2A0DDA}.Release|Any CPU.Build.0 = Release|Any CPU
	EndGlobalSection
	GlobalSection(SolutionProperties) = preSolution
		HideSolutionNode = FALSE
	EndGlobalSection
	GlobalSection(ExtensibilityGlobals) = postSolution
		SolutionGuid = {9AD5421C-6F6C-48EF-A24D-D9306F17A58C}
	EndGlobalSection
EndGlobal
